
Microsoft Visual Studio Solution File, Format Version 12.00
# Visual Studio Version 16
VisualStudioVersion = 16.0.30413.136
MinimumVisualStudioVersion = 10.0.40219.1
Project("{FAE04EC0-301F-11D3-BF4B-00C04F79EFBC}") = "HelloWebApp", "HelloWebApp\HelloWebApp.csproj", "{05402B73-F9E5-4397-BA95-43C130385EB0}"
EndProject
Global
	GlobalSection(SolutionConfigurationPlatforms) = preSolution
		Debug|Any CPU = Debug|Any CPU
		Release|Any CPU = Release|Any CPU
	EndGlobalSection
	GlobalSection(ProjectConfigurationPlatforms) = postSolution
		{05402B73-F9E5-4397-BA95-43C130385EB0}.Debug|Any CPU.ActiveCfg = Debug|Any CPU
		{05402B73-F9E5-4397-BA95-43C130385EB0}.Debug|Any CPU.Build.0 = Debug|Any CPU
		{05402B73-F9E5-4397-BA95-43C130385EB0}.Release|Any CPU.ActiveCfg = Release|Any CPU
		{05402B73-F9E5-4397-BA95-43C130385EB0}.Release|Any CPU.Build.0 = Release|Any CPU
	EndGlobalSection
	GlobalSection(SolutionProperties) = preSolution
		HideSolutionNode = FALSE
	EndGlobalSection
	GlobalSection(ExtensibilityGlobals) = postSolution
		SolutionGuid = {C3D25AD8-528C-4252-93F0-C9DD46E1885A}
	EndGlobalSection
EndGlobal
